
Microsoft Visual Studio Solution File, Format Version 12.00
# Visual Studio Version 16
VisualStudioVersion = 16.0.30523.141
MinimumVisualStudioVersion = 10.0.40219.1
Project("{FAE04EC0-301F-11D3-BF4B-00C04F79EFBC}") = "WEBhecsa", "WEBhecsa.csproj", "{6327BDD4-B59E-49D9-8B2B-18CDF80796A1}"
EndProject
Global
	GlobalSection(SolutionConfigurationPlatforms) = preSolution
		Debug|Any CPU = Debug|Any CPU
		Release|Any CPU = Release|Any CPU
	EndGlobalSection
	GlobalSection(ProjectConfigurationPlatforms) = postSolution
		{6327BDD4-B59E-49D9-8B2B-18CDF80796A1}.Debug|Any CPU.ActiveCfg = Debug|Any CPU
		{6327BDD4-B59E-49D9-8B2B-18CDF80796A1}.Debug|Any CPU.Build.0 = Debug|Any CPU
		{6327BDD4-B59E-49D9-8B2B-18CDF80796A1}.Release|Any CPU.ActiveCfg = Release|Any CPU
		{6327BDD4-B59E-49D9-8B2B-18CDF80796A1}.Release|Any CPU.Build.0 = Release|Any CPU
	EndGlobalSection
	GlobalSection(SolutionProperties) = preSolution
		HideSolutionNode = FALSE
	EndGlobalSection
	GlobalSection(ExtensibilityGlobals) = postSolution
		SolutionGuid = {CEE6EB3E-8658-4C54-9D83-D3F811EDD640}
	EndGlobalSection
EndGlobal
